{
  "nodes": {
    "nixpkgs": {
      "locked": {
        "lastModified": 1724395761,
        "narHash": "sha256-zRkDV/nbrnp3Y8oCADf5ETl1sDrdmAW6/bBVJ8EbIdQ=",
        "owner": "nixos",
        "repo": "nixpkgs",
        "rev": "ae815cee91b417be55d43781eb4b73ae1ecc396c",
        "type": "github"
      },
      "original": {
        "owner": "nixos",
        "ref": "nixpkgs-unstable",
        "repo": "nixpkgs",
        "type": "github"
      }
    },
    "root": {
      "inputs": {
        "nixpkgs": "nixpkgs",
        "systems": "systems"
      }
    },
    "systems": {
      "locked": {
        "lastModified": 1689347949,
        "narHash": "sha256-12tWmuL2zgBgZkdoB6qXZsgJEH9LR3oUgpaQq2RbI80=",
        "owner": "nix-systems",
        "repo": "default-linux",
        "rev": "31732fcf5e8fea42e59c2488ad31a0e651500f68",
        "type": "github"
      },
      "original": {
        "owner": "nix-systems",
        "repo": "default-linux",
        "type": "github"
      }
    }
  },
  "root": "root",
  "version": 7
}
